# This file is generated by running "yarn install" inside your project.
# Manual changes might be lost - proceed with caution!

__metadata:
  version: 5

"einstein-assessment@workspace:.":
  version: 0.0.0-use.local
  resolution: "einstein-assessment@workspace:."
  languageName: unknown
  linkType: soft
